
Microsoft Visual Studio Solution File, Format Version 12.00
Project("{FAE04EC0-301F-11D3-BF4B-00C04F79EFBC}") = "Lec03LibN", "Lec03LibN\Lec03LibN.csproj", "{2CAAB98A-8C1C-4218-B7F7-1C283842735C}"
EndProject
Project("{FAE04EC0-301F-11D3-BF4B-00C04F79EFBC}") = "PP03", "PP03\PP03.csproj", "{F7ADD2DC-D3FC-40D6-8D03-A0687959B4F2}"
EndProject
Global
	GlobalSection(SolutionConfigurationPlatforms) = preSolution
		Debug|Any CPU = Debug|Any CPU
		Release|Any CPU = Release|Any CPU
	EndGlobalSection
	GlobalSection(ProjectConfigurationPlatforms) = postSolution
		{2CAAB98A-8C1C-4218-B7F7-1C283842735C}.Debug|Any CPU.ActiveCfg = Debug|Any CPU
		{2CAAB98A-8C1C-4218-B7F7-1C283842735C}.Debug|Any CPU.Build.0 = Debug|Any CPU
		{2CAAB98A-8C1C-4218-B7F7-1C283842735C}.Release|Any CPU.ActiveCfg = Release|Any CPU
		{2CAAB98A-8C1C-4218-B7F7-1C283842735C}.Release|Any CPU.Build.0 = Release|Any CPU
		{F7ADD2DC-D3FC-40D6-8D03-A0687959B4F2}.Debug|Any CPU.ActiveCfg = Debug|Any CPU
		{F7ADD2DC-D3FC-40D6-8D03-A0687959B4F2}.Debug|Any CPU.Build.0 = Debug|Any CPU
		{F7ADD2DC-D3FC-40D6-8D03-A0687959B4F2}.Release|Any CPU.ActiveCfg = Release|Any CPU
		{F7ADD2DC-D3FC-40D6-8D03-A0687959B4F2}.Release|Any CPU.Build.0 = Release|Any CPU
	EndGlobalSection
EndGlobal
