
Microsoft Visual Studio Solution File, Format Version 12.00
Project("{FAE04EC0-301F-11D3-BF4B-00C04F79EFBC}") = "Lab6Lib", "Lab6Lib\Lab6Lib.csproj", "{AB146ADD-0E90-4111-8F38-BB2CB20ACCBD}"
EndProject
Global
	GlobalSection(SolutionConfigurationPlatforms) = preSolution
		Debug|Any CPU = Debug|Any CPU
		Release|Any CPU = Release|Any CPU
	EndGlobalSection
	GlobalSection(ProjectConfigurationPlatforms) = postSolution
		{AB146ADD-0E90-4111-8F38-BB2CB20ACCBD}.Debug|Any CPU.ActiveCfg = Debug|Any CPU
		{AB146ADD-0E90-4111-8F38-BB2CB20ACCBD}.Debug|Any CPU.Build.0 = Debug|Any CPU
		{AB146ADD-0E90-4111-8F38-BB2CB20ACCBD}.Release|Any CPU.ActiveCfg = Release|Any CPU
		{AB146ADD-0E90-4111-8F38-BB2CB20ACCBD}.Release|Any CPU.Build.0 = Release|Any CPU
	EndGlobalSection
EndGlobal
