
Microsoft Visual Studio Solution File, Format Version 12.00
Project("{FAE04EC0-301F-11D3-BF4B-00C04F79EFBC}") = "ЛАБА1", "ЛАБА1\ЛАБА1.csproj", "{72650C94-EFCE-4030-B4A3-5AFDE6D3F835}"
EndProject
Global
	GlobalSection(SolutionConfigurationPlatforms) = preSolution
		Debug|Any CPU = Debug|Any CPU
		Release|Any CPU = Release|Any CPU
	EndGlobalSection
	GlobalSection(ProjectConfigurationPlatforms) = postSolution
		{72650C94-EFCE-4030-B4A3-5AFDE6D3F835}.Debug|Any CPU.ActiveCfg = Debug|Any CPU
		{72650C94-EFCE-4030-B4A3-5AFDE6D3F835}.Debug|Any CPU.Build.0 = Debug|Any CPU
		{72650C94-EFCE-4030-B4A3-5AFDE6D3F835}.Release|Any CPU.ActiveCfg = Release|Any CPU
		{72650C94-EFCE-4030-B4A3-5AFDE6D3F835}.Release|Any CPU.Build.0 = Release|Any CPU
	EndGlobalSection
EndGlobal
